
Microsoft Visual Studio Solution File, Format Version 12.00
# Blend for Visual Studio 15
VisualStudioVersion = 15.0.26730.16
MinimumVisualStudioVersion = 10.0.40219.1
Project("{FAE04EC0-301F-11D3-BF4B-00C04F79EFBC}") = "NFSMenu", "NFSMenu\NFSMenu.csproj", "{CF429644-3BAB-44DE-8DF4-E00E47C688C2}"
EndProject
Global
	GlobalSection(SolutionConfigurationPlatforms) = preSolution
		Debug|Any CPU = Debug|Any CPU
		Release|Any CPU = Release|Any CPU
	EndGlobalSection
	GlobalSection(ProjectConfigurationPlatforms) = postSolution
		{CF429644-3BAB-44DE-8DF4-E00E47C688C2}.Debug|Any CPU.ActiveCfg = Debug|Any CPU
		{CF429644-3BAB-44DE-8DF4-E00E47C688C2}.Debug|Any CPU.Build.0 = Debug|Any CPU
		{CF429644-3BAB-44DE-8DF4-E00E47C688C2}.Release|Any CPU.ActiveCfg = Release|Any CPU
		{CF429644-3BAB-44DE-8DF4-E00E47C688C2}.Release|Any CPU.Build.0 = Release|Any CPU
	EndGlobalSection
	GlobalSection(SolutionProperties) = preSolution
		HideSolutionNode = FALSE
	EndGlobalSection
	GlobalSection(ExtensibilityGlobals) = postSolution
		SolutionGuid = {14F82419-E575-4F79-A172-B87C2A5ECCDE}
	EndGlobalSection
EndGlobal
